
Microsoft Visual Studio Solution File, Format Version 12.00
# Visual Studio Version 16
VisualStudioVersion = 16.0.31613.86
MinimumVisualStudioVersion = 10.0.40219.1
Project("{FAE04EC0-301F-11D3-BF4B-00C04F79EFBC}") = "Prj_Auth", "Prj_Auth\Prj_Auth.csproj", "{AA3C3354-0E72-4C26-A804-9F425AE1D1D4}"
EndProject
Global
	GlobalSection(SolutionConfigurationPlatforms) = preSolution
		Debug|Any CPU = Debug|Any CPU
		Release|Any CPU = Release|Any CPU
	EndGlobalSection
	GlobalSection(ProjectConfigurationPlatforms) = postSolution
		{AA3C3354-0E72-4C26-A804-9F425AE1D1D4}.Debug|Any CPU.ActiveCfg = Debug|Any CPU
		{AA3C3354-0E72-4C26-A804-9F425AE1D1D4}.Debug|Any CPU.Build.0 = Debug|Any CPU
		{AA3C3354-0E72-4C26-A804-9F425AE1D1D4}.Release|Any CPU.ActiveCfg = Release|Any CPU
		{AA3C3354-0E72-4C26-A804-9F425AE1D1D4}.Release|Any CPU.Build.0 = Release|Any CPU
	EndGlobalSection
	GlobalSection(SolutionProperties) = preSolution
		HideSolutionNode = FALSE
	EndGlobalSection
	GlobalSection(ExtensibilityGlobals) = postSolution
		SolutionGuid = {6AD6D3F3-0495-42B9-B248-D5939AE02E1B}
	EndGlobalSection
EndGlobal
